// !$*UTF8*$!
{
	archiveVersion = 1;
	classes = {
	};
	objectVersion = 48;
	objects = {

/* Begin PBXBuildFile section */
		414128E3207DE77E000AB768 /* AppDelegate.m in Sources */ = {isa = PBXBuildFile; fileRef = 414128E2207DE77E000AB768 /* AppDelegate.m */; };
		414128E6207DE77E000AB768 /* ViewController.m in Sources */ = {isa = PBXBuildFile; fileRef = 414128E5207DE77E000AB768 /* ViewController.m */; };
		414128E9207DE77E000AB768 /* Main.storyboard in Resources */ = {isa = PBXBuildFile; fileRef = 414128E7207DE77E000AB768 /* Main.storyboard */; };
		414128EB207DE77E000AB768 /* Assets.xcassets in Resources */ = {isa = PBXBuildFile; fileRef = 414128EA207DE77E000AB768 /* Assets.xcassets */; };
		414128EE207DE77E000AB768 /* LaunchScreen.storyboard in Resources */ = {isa = PBXBuildFile; fileRef = 414128EC207DE77E000AB768 /* LaunchScreen.storyboard */; };
		414128F1207DE77E000AB768 /* main.m in Sources */ = {isa = PBXBuildFile; fileRef = 414128F0207DE77E000AB768 /* main.m */; };
		414128F9207DE794000AB768 /* TagsFrame.m in Sources */ = {isa = PBXBuildFile; fileRef = 414128F8207DE794000AB768 /* TagsFrame.m */; };
		41A18EB220CF559C00E9DAE7 /* QLTagListView.m in Sources */ = {isa = PBXBuildFile; fileRef = 41A18EB120CF559C00E9DAE7 /* QLTagListView.m */; };
/* End PBXBuildFile section */

/* Begin PBXFileReference section */
		414128DE207DE77E000AB768 /* QLLabelTagsDemo.app */ = {isa = PBXFileReference; explicitFileType = wrapper.application; includeInIndex = 0; path = QLLabelTagsDemo.app; sourceTree = BUILT_PRODUCTS_DIR; };
		414128E1207DE77E000AB768 /* AppDelegate.h */ = {isa = PBXFileReference; lastKnownFileType = sourcecode.c.h; path = AppDelegate.h; sourceTree = "<group>"; };
		414128E2207DE77E000AB768 /* AppDelegate.m */ = {isa = PBXFileReference; lastKnownFileType = sourcecode.c.objc; path = AppDelegate.m; sourceTree = "<group>"; };
		414128E4207DE77E000AB768 /* ViewController.h */ = {isa = PBXFileReference; lastKnownFileType = sourcecode.c.h; path = ViewController.h; sourceTree = "<group>"; };
		414128E5207DE77E000AB768 /* ViewController.m */ = {isa = PBXFileReference; lastKnownFileType = sourcecode.c.objc; path = ViewController.m; sourceTree = "<group>"; };
		414128E8207DE77E000AB768 /* Base */ = {isa = PBXFileReference; lastKnownFileType = file.storyboard; name = Base; path = Base.lproj/Main.storyboard; sourceTree = "<group>"; };
		414128EA207DE77E000AB768 /* Assets.xcassets */ = {isa = PBXFileReference; lastKnownFileType = folder.assetcatalog; path = Assets.xcassets; sourceTree = "<group>"; };
		414128ED207DE77E000AB768 /* Base */ = {isa = PBXFileReference; lastKnownFileType = file.storyboard; name = Base; path = Base.lproj/LaunchScreen.storyboard; sourceTree = "<group>"; };
		414128EF207DE77E000AB768 /* Info.plist */ = {isa = PBXFileReference; lastKnownFileType = text.plist.xml; path = Info.plist; sourceTree = "<group>"; };
		414128F0207DE77E000AB768 /* main.m */ = {isa = PBXFileReference; lastKnownFileType = sourcecode.c.objc; path = main.m; sourceTree = "<group>"; };
		414128F7207DE794000AB768 /* TagsFrame.h */ = {isa = PBXFileReference; lastKnownFileType = sourcecode.c.h; path = TagsFrame.h; sourceTree = "<group>"; };
		414128F8207DE794000AB768 /* TagsFrame.m */ = {isa = PBXFileReference; lastKnownFileType = sourcecode.c.objc; path = TagsFrame.m; sourceTree = "<group>"; };
		41A18EB020CF559C00E9DAE7 /* QLTagListView.h */ = {isa = PBXFileReference; lastKnownFileType = sourcecode.c.h; path = QLTagListView.h; sourceTree = "<group>"; };
		41A18EB120CF559C00E9DAE7 /* QLTagListView.m */ = {isa = PBXFileReference; lastKnownFileType = sourcecode.c.objc; path = QLTagListView.m; sourceTree = "<group>"; };
/* End PBXFileReference section */

/* Begin PBXFrameworksBuildPhase section */
		414128DB207DE77E000AB768 /* Frameworks */ = {
			isa = PBXFrameworksBuildPhase;
			buildActionMask = 2147483647;
			files = (
			);
			runOnlyForDeploymentPostprocessing = 0;
		};
/* End PBXFrameworksBuildPhase section */

/* Begin PBXGroup section */
		414128D5207DE77E000AB768 = {
			isa = PBXGroup;
			children = (
				414128E0207DE77E000AB768 /* QLLabelTagsDemo */,
				414128DF207DE77E000AB768 /* Products */,
			);
			sourceTree = "<group>";
		};
		414128DF207DE77E000AB768 /* Products */ = {
			isa = PBXGroup;
			children = (
				414128DE207DE77E000AB768 /* QLLabelTagsDemo.app */,
			);
			name = Products;
			sourceTree = "<group>";
		};
		414128E0207DE77E000AB768 /* QLLabelTagsDemo */ = {
			isa = PBXGroup;
			children = (
				414128E1207DE77E000AB768 /* AppDelegate.h */,
				414128E2207DE77E000AB768 /* AppDelegate.m */,
				414128E4207DE77E000AB768 /* ViewController.h */,
				414128E5207DE77E000AB768 /* ViewController.m */,
				41A18EB020CF559C00E9DAE7 /* QLTagListView.h */,
				41A18EB120CF559C00E9DAE7 /* QLTagListView.m */,
				414128F7207DE794000AB768 /* TagsFrame.h */,
				414128F8207DE794000AB768 /* TagsFrame.m */,
				414128E7207DE77E000AB768 /* Main.storyboard */,
				414128EA207DE77E000AB768 /* Assets.xcassets */,
				414128EC207DE77E000AB768 /* LaunchScreen.storyboard */,
				414128EF207DE77E000AB768 /* Info.plist */,
				414128F0207DE77E000AB768 /* main.m */,
			);
			path = QLLabelTagsDemo;
			sourceTree = "<group>";
		};
/* End PBXGroup section */

/* Begin PBXNativeTarget section */
		414128DD207DE77E000AB768 /* QLLabelTagsDemo */ = {
			isa = PBXNativeTarget;
			buildConfigurationList = 414128F4207DE77E000AB768 /* Build configuration list for PBXNativeTarget "QLLabelTagsDemo" */;
			buildPhases = (
				414128DA207DE77E000AB768 /* Sources */,
				414128DB207DE77E000AB768 /* Frameworks */,
				414128DC207DE77E000AB768 /* Resources */,
			);
			buildRules = (
			);
			dependencies = (
			);
			name = QLLabelTagsDemo;
			productName = QLLabelTagsDemo;
			productReference = 414128DE207DE77E000AB768 /* QLLabelTagsDemo.app */;
			productType = "com.apple.product-type.application";
		};
/* End PBXNativeTarget section */

/* Begin PBXProject section */
		414128D6207DE77E000AB768 /* Project object */ = {
			isa = PBXProject;
			attributes = {
				LastUpgradeCheck = 0920;
				ORGANIZATIONNAME = QiuFairy;
				TargetAttributes = {
					414128DD207DE77E000AB768 = {
						CreatedOnToolsVersion = 9.2;
						ProvisioningStyle = Automatic;
					};
				};
			};
			buildConfigurationList = 414128D9207DE77E000AB768 /* Build configuration list for PBXProject "QLLabelTagsDemo" */;
			compatibilityVersion = "Xcode 8.0";
			developmentRegion = en;
			hasScannedForEncodings = 0;
			knownRegions = (
				en,
				Base,
			);
			mainGroup = 414128D5207DE77E000AB768;
			productRefGroup = 414128DF207DE77E000AB768 /* Products */;
			projectDirPath = "";
			projectRoot = "";
			targets = (
				414128DD207DE77E000AB768 /* QLLabelTagsDemo */,
			);
		};
/* End PBXProject section */

/* Begin PBXResourcesBuildPhase section */
		414128DC207DE77E000AB768 /* Resources */ = {
			isa = PBXResourcesBuildPhase;
			buildActionMask = 2147483647;
			files = (
				414128EE207DE77E000AB768 /* LaunchScreen.storyboard in Resources */,
				414128EB207DE77E000AB768 /* Assets.xcassets in Resources */,
				414128E9207DE77E000AB768 /* Main.storyboard in Resources */,
			);
			runOnlyForDeploymentPostprocessing = 0;
		};
/* End PBXResourcesBuildPhase section */

/* Begin PBXSourcesBuildPhase section */
		414128DA207DE77E000AB768 /* Sources */ = {
			isa = PBXSourcesBuildPhase;
			buildActionMask = 2147483647;
			files = (
				414128F9207DE794000AB768 /* TagsFrame.m in Sources */,
				414128E6207DE77E000AB768 /* ViewController.m in Sources */,
				414128F1207DE77E000AB768 /* main.m in Sources */,
				41A18EB220CF559C00E9DAE7 /* QLTagListView.m in Sources */,
				414128E3207DE77E000AB768 /* AppDelegate.m in Sources */,
			);
			runOnlyForDeploymentPostprocessing = 0;
		};
/* End PBXSourcesBuildPhase section */

/* Begin PBXVariantGroup section */
		414128E7207DE77E000AB768 /* Main.storyboard */ = {
			isa = PBXVariantGroup;
			children = (
				414128E8207DE77E000AB768 /* Base */,
			);
			name = Main.storyboard;
			sourceTree = "<group>";
		};
		414128EC207DE77E000AB768 /* LaunchScreen.storyboard */ = {
			isa = PBXVariantGroup;
			children = (
				414128ED207DE77E000AB768 /* Base */,
			);
			name = LaunchScreen.storyboard;
			sourceTree = "<group>";
		};
/* End PBXVariantGroup section */

/* Begin XCBuildConfiguration section */
		414128F2207DE77E000AB768 /* Debug */ = {
			isa = XCBuildConfiguration;
			buildSettings = {
				ALWAYS_SEARCH_USER_PATHS = NO;
				CLANG_ANALYZER_NONNULL = YES;
				CLANG_ANALYZER_NUMBER_OBJECT_CONVERSION = YES_AGGRESSIVE;
				CLANG_CXX_LANGUAGE_STANDARD = "gnu++14";
				CLANG_CXX_LIBRARY = "libc++";
				CLANG_ENABLE_MODULES = YES;
				CLANG_ENABLE_OBJC_ARC = YES;
				CLANG_WARN_BLOCK_CAPTURE_AUTORELEASING = YES;
				CLANG_WARN_BOOL_CONVERSION = YES;
				CLANG_WARN_COMMA = YES;
				CLANG_WARN_CONSTANT_CONVERSION = YES;
				CLANG_WARN_DIRECT_OBJC_ISA_USAGE = YES_ERROR;
				CLANG_WARN_DOCUMENTATION_COMMENTS = YES;
				CLANG_WARN_EMPTY_BODY = YES;
				CLANG_WARN_ENUM_CONVERSION = YES;
				CLANG_WARN_INFINITE_RECURSION = YES;
				CLANG_WARN_INT_CONVERSION = YES;
				CLANG_WARN_NON_LITERAL_NULL_CONVERSION = YES;
				CLANG_WARN_OBJC_LITERAL_CONVERSION = YES;
				CLANG_WARN_OBJC_ROOT_CLASS = YES_ERROR;
				CLANG_WARN_RANGE_LOOP_ANALYSIS = YES;
				CLANG_WARN_STRICT_PROTOTYPES = YES;
				CLANG_WARN_SUSPICIOUS_MOVE = YES;
				CLANG_WARN_UNGUARDED_AVAILABILITY = YES_AGGRESSIVE;
				CLANG_WARN_UNREACHABLE_CODE = YES;
				CLANG_WARN__DUPLICATE_METHOD_MATCH = YES;
				CODE_SIGN_IDENTITY = "iPhone Developer";
				COPY_PHASE_STRIP = NO;
				DEBUG_INFORMATION_FORMAT = dwarf;
				ENABLE_STRICT_OBJC_MSGSEND = YES;
				ENABLE_TESTABILITY = YES;
				GCC_C_LANGUAGE_STANDARD = gnu11;
				GCC_DYNAMIC_NO_PIC = NO;
				GCC_NO_COMMON_BLOCKS = YES;
				GCC_OPTIMIZATION_LEVEL = 0;
				GCC_PREPROCESSOR_DEFINITIONS = (
					"DEBUG=1",
					"$(inherited)",
				);
				GCC_WARN_64_TO_32_BIT_CONVERSION = YES;
				GCC_WARN_ABOUT_RETURN_TYPE = YES_ERROR;
				GCC_WARN_UNDECLARED_SELECTOR = YES;
				GCC_WARN_UNINITIALIZED_AUTOS = YES_AGGRESSIVE;
				GCC_WARN_UNUSED_FUNCTION = YES;
				GCC_WARN_UNUSED_VARIABLE = YES;
				IPHONEOS_DEPLOYMENT_TARGET = 11.2;
				MTL_ENABLE_DEBUG_INFO = YES;
				ONLY_ACTIVE_ARCH = YES;
				SDKROOT = iphoneos;
			};
			name = Debug;
		};
		414128F3207DE77E000AB768 /* Release */ = {
			isa = XCBuildConfiguration;
			buildSettings = {
				ALWAYS_SEARCH_USER_PATHS = NO;
				CLANG_ANALYZER_NONNULL = YES;
				CLANG_ANALYZER_NUMBER_OBJECT_CONVERSION = YES_AGGRESSIVE;
				CLANG_CXX_LANGUAGE_STANDARD = "gnu++14";
				CLANG_CXX_LIBRARY = "libc++";
				CLANG_ENABLE_MODULES = YES;
				CLANG_ENABLE_OBJC_ARC = YES;
				CLANG_WARN_BLOCK_CAPTURE_AUTORELEASING = YES;
				CLANG_WARN_BOOL_CONVERSION = YES;
				CLANG_WARN_COMMA = YES;
				CLANG_WARN_CONSTANT_CONVERSION = YES;
				CLANG_WARN_DIRECT_OBJC_ISA_USAGE = YES_ERROR;
				CLANG_WARN_DOCUMENTATION_COMMENTS = YES;
				CLANG_WARN_EMPTY_BODY = YES;
				CLANG_WARN_ENUM_CONVERSION = YES;
				CLANG_WARN_INFINITE_RECURSION = YES;
				CLANG_WARN_INT_CONVERSION = YES;
				CLANG_WARN_NON_LITERAL_NULL_CONVERSION = YES;
				CLANG_WARN_OBJC_LITERAL_CONVERSION = YES;
				CLANG_WARN_OBJC_ROOT_CLASS = YES_ERROR;
				CLANG_WARN_RANGE_LOOP_ANALYSIS = YES;
				CLANG_WARN_STRICT_PROTOTYPES = YES;
				CLANG_WARN_SUSPICIOUS_MOVE = YES;
				CLANG_WARN_UNGUARDED_AVAILABILITY = YES_AGGRESSIVE;
				CLANG_WARN_UNREACHABLE_CODE = YES;
				CLANG_WARN__DUPLICATE_METHOD_MATCH = YES;
				CODE_SIGN_IDENTITY = "iPhone Developer";
				COPY_PHASE_STRIP = NO;
				DEBUG_INFORMATION_FORMAT = "dwarf-with-dsym";
				ENABLE_NS_ASSERTIONS = NO;
				ENABLE_STRICT_OBJC_MSGSEND = YES;
				GCC_C_LANGUAGE_STANDARD = gnu11;
				GCC_NO_COMMON_BLOCKS = YES;
				GCC_WARN_64_TO_32_BIT_CONVERSION = YES;
				GCC_WARN_ABOUT_RETURN_TYPE = YES_ERROR;
				GCC_WARN_UNDECLARED_SELECTOR = YES;
				GCC_WARN_UNINITIALIZED_AUTOS = YES_AGGRESSIVE;
				GCC_WARN_UNUSED_FUNCTION = YES;
				GCC_WARN_UNUSED_VARIABLE = YES;
				IPHONEOS_DEPLOYMENT_TARGET = 11.2;
				MTL_ENABLE_DEBUG_INFO = NO;
				SDKROOT = iphoneos;
				VALIDATE_PRODUCT = YES;
			};
			name = Release;
		};
		414128F5207DE77E000AB768 /* Debug */ = {
			isa = XCBuildConfiguration;
			buildSettings = {
				ASSETCATALOG_COMPILER_APPICON_NAME = AppIcon;
				CODE_SIGN_STYLE = Automatic;
				INFOPLIST_FILE = QLLabelTagsDemo/Info.plist;
				LD_RUNPATH_SEARCH_PATHS = "$(inherited) @executable_path/Frameworks";
				PRODUCT_BUNDLE_IDENTIFIER = com.qiu.QLLabelTagsDemo;
				PRODUCT_NAME = "$(TARGET_NAME)";
				TARGETED_DEVICE_FAMILY = "1,2";
			};
			name = Debug;
		};
		414128F6207DE77E000AB768 /* Release */ = {
			isa = XCBuildConfiguration;
			buildSettings = {
				ASSETCATALOG_COMPILER_APPICON_NAME = AppIcon;
				CODE_SIGN_STYLE = Automatic;
				INFOPLIST_FILE = QLLabelTagsDemo/Info.plist;
				LD_RUNPATH_SEARCH_PATHS = "$(inherited) @executable_path/Frameworks";
				PRODUCT_BUNDLE_IDENTIFIER = com.qiu.QLLabelTagsDemo;
				PRODUCT_NAME = "$(TARGET_NAME)";
				TARGETED_DEVICE_FAMILY = "1,2";
			};
			name = Release;
		};
/* End XCBuildConfiguration section */

/* Begin XCConfigurationList section */
		414128D9207DE77E000AB768 /* Build configuration list for PBXProject "QLLabelTagsDemo" */ = {
			isa = XCConfigurationList;
			buildConfigurations = (
				414128F2207DE77E000AB768 /* Debug */,
				414128F3207DE77E000AB768 /* Release */,
			);
			defaultConfigurationIsVisible = 0;
			defaultConfigurationName = Release;
		};
		414128F4207DE77E000AB768 /* Build configuration list for PBXNativeTarget "QLLabelTagsDemo" */ = {
			isa = XCConfigurationList;
			buildConfigurations = (
				414128F5207DE77E000AB768 /* Debug */,
				414128F6207DE77E000AB768 /* Release */,
			);
			defaultConfigurationIsVisible = 0;
			defaultConfigurationName = Release;
		};
/* End XCConfigurationList section */
	};
	rootObject = 414128D6207DE77E000AB768 /* Project object */;
}
